// !$*UTF8*$!
{
	archiveVersion = 1;
	classes = {
	};
	objectVersion = 48;
	objects = {

/* Begin PBXBuildFile section */
		0012CF541F37873C00207292 /* UserDataService.swift in Sources */ = {isa = PBXBuildFile; fileRef = 0012CF531F37873C00207292 /* UserDataService.swift */; };
		002C01C11F38BFBD00C8CD32 /* ChannelCell.swift in Sources */ = {isa = PBXBuildFile; fileRef = 002C01C01F38BFBD00C8CD32 /* ChannelCell.swift */; };
		005496561F3680AA006A7844 /* Constants.swift in Sources */ = {isa = PBXBuildFile; fileRef = 005496551F3680AA006A7844 /* Constants.swift */; };
		005496581F368418006A7844 /* LoginVC.swift in Sources */ = {isa = PBXBuildFile; fileRef = 005496571F368418006A7844 /* LoginVC.swift */; };
		005B521A1F389EB800163F74 /* ProfileVC.swift in Sources */ = {isa = PBXBuildFile; fileRef = 005B52181F389EB800163F74 /* ProfileVC.swift */; };
		005B521B1F389EB800163F74 /* ProfileVC.xib in Resources */ = {isa = PBXBuildFile; fileRef = 005B52191F389EB800163F74 /* ProfileVC.xib */; };
		005B521E1F38B5E900163F74 /* MessageService.swift in Sources */ = {isa = PBXBuildFile; fileRef = 005B521D1F38B5E900163F74 /* MessageService.swift */; };
		005B52201F38B63400163F74 /* Channel.swift in Sources */ = {isa = PBXBuildFile; fileRef = 005B521F1F38B63400163F74 /* Channel.swift */; };
		007950511F3869C6000563D2 /* AvatarPickerVC.swift in Sources */ = {isa = PBXBuildFile; fileRef = 007950501F3869C6000563D2 /* AvatarPickerVC.swift */; };
		0098456F1F38CC4400B1AE46 /* AddChannelVC.swift in Sources */ = {isa = PBXBuildFile; fileRef = 0098456D1F38CC4400B1AE46 /* AddChannelVC.swift */; };
		009845701F38CC4400B1AE46 /* AddChannelVC.xib in Resources */ = {isa = PBXBuildFile; fileRef = 0098456E1F38CC4400B1AE46 /* AddChannelVC.xib */; };
		009845721F38D84B00B1AE46 /* SocketService.swift in Sources */ = {isa = PBXBuildFile; fileRef = 009845711F38D84B00B1AE46 /* SocketService.swift */; };
		00B4A94A1F39C54B00283547 /* Message.swift in Sources */ = {isa = PBXBuildFile; fileRef = 00B4A9491F39C54B00283547 /* Message.swift */; };
		00B4A94C1F39CF6500283547 /* KeyboardBoundView.swift in Sources */ = {isa = PBXBuildFile; fileRef = 00B4A94B1F39CF6500283547 /* KeyboardBoundView.swift */; };
		00C0BD7E1F362B4B0049198B /* AppDelegate.swift in Sources */ = {isa = PBXBuildFile; fileRef = 00C0BD7D1F362B4B0049198B /* AppDelegate.swift */; };
		00C0BD831F362B4B0049198B /* Main.storyboard in Resources */ = {isa = PBXBuildFile; fileRef = 00C0BD811F362B4B0049198B /* Main.storyboard */; };
		00C0BD851F362B4B0049198B /* Assets.xcassets in Resources */ = {isa = PBXBuildFile; fileRef = 00C0BD841F362B4B0049198B /* Assets.xcassets */; };
		00C0BD881F362B4B0049198B /* LaunchScreen.storyboard in Resources */ = {isa = PBXBuildFile; fileRef = 00C0BD861F362B4B0049198B /* LaunchScreen.storyboard */; };
		00C0BD971F3638380049198B /* ChatVC.swift in Sources */ = {isa = PBXBuildFile; fileRef = 00C0BD961F3638380049198B /* ChatVC.swift */; };
		00C0BD991F3638490049198B /* ChannelVC.swift in Sources */ = {isa = PBXBuildFile; fileRef = 00C0BD981F3638490049198B /* ChannelVC.swift */; };
		00C0BD9A1F363B300049198B /* SWRevealViewController.m in Sources */ = {isa = PBXBuildFile; fileRef = 00C0BD921F3631D20049198B /* SWRevealViewController.m */; };
		00C0BD9C1F364CA80049198B /* GradientView.swift in Sources */ = {isa = PBXBuildFile; fileRef = 00C0BD9B1F364CA80049198B /* GradientView.swift */; };
		00C659151F37584A0020BD00 /* AuthService.swift in Sources */ = {isa = PBXBuildFile; fileRef = 00C659141F37584A0020BD00 /* AuthService.swift */; };
		00C659171F3769BF0020BD00 /* RoundedButton.swift in Sources */ = {isa = PBXBuildFile; fileRef = 00C659161F3769BF0020BD00 /* RoundedButton.swift */; };
		00CDAFF71F3722DC004B52CD /* CreateAccountVC.swift in Sources */ = {isa = PBXBuildFile; fileRef = 00CDAFF61F3722DC004B52CD /* CreateAccountVC.swift */; };
		00DB3B961F386BF60082BCB2 /* AvatarCell.swift in Sources */ = {isa = PBXBuildFile; fileRef = 00DB3B951F386BF60082BCB2 /* AvatarCell.swift */; };
		00DB3B981F387D780082BCB2 /* CircleImage.swift in Sources */ = {isa = PBXBuildFile; fileRef = 00DB3B971F387D780082BCB2 /* CircleImage.swift */; };
		70B076952E44A47A7C2CD6C8 /* Pods_Smack.framework in Frameworks */ = {isa = PBXBuildFile; fileRef = 1C0834C1CEEAAF1054FDEEC2 /* Pods_Smack.framework */; };
/* End PBXBuildFile section */

/* Begin PBXFileReference section */
		0012CF531F37873C00207292 /* UserDataService.swift */ = {isa = PBXFileReference; lastKnownFileType = sourcecode.swift; path = UserDataService.swift; sourceTree = "<group>"; };
		002C01C01F38BFBD00C8CD32 /* ChannelCell.swift */ = {isa = PBXFileReference; lastKnownFileType = sourcecode.swift; path = ChannelCell.swift; sourceTree = "<group>"; };
		005496551F3680AA006A7844 /* Constants.swift */ = {isa = PBXFileReference; lastKnownFileType = sourcecode.swift; path = Constants.swift; sourceTree = "<group>"; };
		005496571F368418006A7844 /* LoginVC.swift */ = {isa = PBXFileReference; lastKnownFileType = sourcecode.swift; path = LoginVC.swift; sourceTree = "<group>"; };
		005B52181F389EB800163F74 /* ProfileVC.swift */ = {isa = PBXFileReference; lastKnownFileType = sourcecode.swift; path = ProfileVC.swift; sourceTree = "<group>"; };
		005B52191F389EB800163F74 /* ProfileVC.xib */ = {isa = PBXFileReference; lastKnownFileType = file.xib; path = ProfileVC.xib; sourceTree = "<group>"; };
		005B521D1F38B5E900163F74 /* MessageService.swift */ = {isa = PBXFileReference; lastKnownFileType = sourcecode.swift; path = MessageService.swift; sourceTree = "<group>"; };
		005B521F1F38B63400163F74 /* Channel.swift */ = {isa = PBXFileReference; lastKnownFileType = sourcecode.swift; path = Channel.swift; sourceTree = "<group>"; };
		007950501F3869C6000563D2 /* AvatarPickerVC.swift */ = {isa = PBXFileReference; lastKnownFileType = sourcecode.swift; path = AvatarPickerVC.swift; sourceTree = "<group>"; };
		0098456D1F38CC4400B1AE46 /* AddChannelVC.swift */ = {isa = PBXFileReference; lastKnownFileType = sourcecode.swift; path = AddChannelVC.swift; sourceTree = "<group>"; };
		0098456E1F38CC4400B1AE46 /* AddChannelVC.xib */ = {isa = PBXFileReference; lastKnownFileType = file.xib; path = AddChannelVC.xib; sourceTree = "<group>"; };
		009845711F38D84B00B1AE46 /* SocketService.swift */ = {isa = PBXFileReference; lastKnownFileType = sourcecode.swift; path = SocketService.swift; sourceTree = "<group>"; };
		00B4A9491F39C54B00283547 /* Message.swift */ = {isa = PBXFileReference; lastKnownFileType = sourcecode.swift; path = Message.swift; sourceTree = "<group>"; };
		00B4A94B1F39CF6500283547 /* KeyboardBoundView.swift */ = {isa = PBXFileReference; lastKnownFileType = sourcecode.swift; path = KeyboardBoundView.swift; sourceTree = "<group>"; };
		00C0BD7A1F362B4B0049198B /* Smack.app */ = {isa = PBXFileReference; explicitFileType = wrapper.application; includeInIndex = 0; path = Smack.app; sourceTree = BUILT_PRODUCTS_DIR; };
		00C0BD7D1F362B4B0049198B /* AppDelegate.swift */ = {isa = PBXFileReference; lastKnownFileType = sourcecode.swift; path = AppDelegate.swift; sourceTree = "<group>"; };
		00C0BD821F362B4B0049198B /* Base */ = {isa = PBXFileReference; lastKnownFileType = file.storyboard; name = Base; path = Base.lproj/Main.storyboard; sourceTree = "<group>"; };
		00C0BD841F362B4B0049198B /* Assets.xcassets */ = {isa = PBXFileReference; lastKnownFileType = folder.assetcatalog; path = Assets.xcassets; sourceTree = "<group>"; };
		00C0BD871F362B4B0049198B /* Base */ = {isa = PBXFileReference; lastKnownFileType = file.storyboard; name = Base; path = Base.lproj/LaunchScreen.storyboard; sourceTree = "<group>"; };
		00C0BD891F362B4B0049198B /* Info.plist */ = {isa = PBXFileReference; lastKnownFileType = text.plist.xml; path = Info.plist; sourceTree = "<group>"; };
		00C0BD901F3631D10049198B /* Smack-Bridging-Header.h */ = {isa = PBXFileReference; lastKnownFileType = sourcecode.c.h; path = "Smack-Bridging-Header.h"; sourceTree = "<group>"; };
		00C0BD911F3631D20049198B /* SWRevealViewController.h */ = {isa = PBXFileReference; lastKnownFileType = sourcecode.c.h; path = SWRevealViewController.h; sourceTree = "<group>"; };
		00C0BD921F3631D20049198B /* SWRevealViewController.m */ = {isa = PBXFileReference; lastKnownFileType = sourcecode.c.objc; path = SWRevealViewController.m; sourceTree = "<group>"; };
		00C0BD961F3638380049198B /* ChatVC.swift */ = {isa = PBXFileReference; lastKnownFileType = sourcecode.swift; path = ChatVC.swift; sourceTree = "<group>"; };
		00C0BD981F3638490049198B /* ChannelVC.swift */ = {isa = PBXFileReference; lastKnownFileType = sourcecode.swift; path = ChannelVC.swift; sourceTree = "<group>"; };
		00C0BD9B1F364CA80049198B /* GradientView.swift */ = {isa = PBXFileReference; lastKnownFileType = sourcecode.swift; path = GradientView.swift; sourceTree = "<group>"; };
		00C659141F37584A0020BD00 /* AuthService.swift */ = {isa = PBXFileReference; lastKnownFileType = sourcecode.swift; path = AuthService.swift; sourceTree = "<group>"; };
		00C659161F3769BF0020BD00 /* RoundedButton.swift */ = {isa = PBXFileReference; lastKnownFileType = sourcecode.swift; path = RoundedButton.swift; sourceTree = "<group>"; };
		00CDAFF61F3722DC004B52CD /* CreateAccountVC.swift */ = {isa = PBXFileReference; lastKnownFileType = sourcecode.swift; path = CreateAccountVC.swift; sourceTree = "<group>"; };
		00DB3B951F386BF60082BCB2 /* AvatarCell.swift */ = {isa = PBXFileReference; lastKnownFileType = sourcecode.swift; path = AvatarCell.swift; sourceTree = "<group>"; };
		00DB3B971F387D780082BCB2 /* CircleImage.swift */ = {isa = PBXFileReference; lastKnownFileType = sourcecode.swift; path = CircleImage.swift; sourceTree = "<group>"; };
		1C0834C1CEEAAF1054FDEEC2 /* Pods_Smack.framework */ = {isa = PBXFileReference; explicitFileType = wrapper.framework; includeInIndex = 0; path = Pods_Smack.framework; sourceTree = BUILT_PRODUCTS_DIR; };
		1C55F7C49241268E4B5D53E4 /* Pods-Smack.release.xcconfig */ = {isa = PBXFileReference; includeInIndex = 1; lastKnownFileType = text.xcconfig; name = "Pods-Smack.release.xcconfig"; path = "Pods/Target Support Files/Pods-Smack/Pods-Smack.release.xcconfig"; sourceTree = "<group>"; };
		CB5C6F27D0C70EB12659E282 /* Pods-Smack.debug.xcconfig */ = {isa = PBXFileReference; includeInIndex = 1; lastKnownFileType = text.xcconfig; name = "Pods-Smack.debug.xcconfig"; path = "Pods/Target Support Files/Pods-Smack/Pods-Smack.debug.xcconfig"; sourceTree = "<group>"; };
/* End PBXFileReference section */

/* Begin PBXFrameworksBuildPhase section */
		00C0BD771F362B4B0049198B /* Frameworks */ = {
			isa = PBXFrameworksBuildPhase;
			buildActionMask = 2147483647;
			files = (
				70B076952E44A47A7C2CD6C8 /* Pods_Smack.framework in Frameworks */,
			);
			runOnlyForDeploymentPostprocessing = 0;
		};
/* End PBXFrameworksBuildPhase section */

/* Begin PBXGroup section */
		005496541F36809A006A7844 /* Utilities */ = {
			isa = PBXGroup;
			children = (
				005496551F3680AA006A7844 /* Constants.swift */,
			);
			path = Utilities;
			sourceTree = "<group>";
		};
		005B521C1F389F8900163F74 /* XIBs */ = {
			isa = PBXGroup;
			children = (
				005B52191F389EB800163F74 /* ProfileVC.xib */,
				0098456E1F38CC4400B1AE46 /* AddChannelVC.xib */,
			);
			path = XIBs;
			sourceTree = "<group>";
		};
		00C0BD711F362B4B0049198B = {
			isa = PBXGroup;
			children = (
				00C0BD7C1F362B4B0049198B /* Smack */,
				00C0BD7B1F362B4B0049198B /* Products */,
				FECC9DDB3BB6FAA991684840 /* Pods */,
				01285311E2628E148344EC5A /* Frameworks */,
			);
			sourceTree = "<group>";
		};
		00C0BD7B1F362B4B0049198B /* Products */ = {
			isa = PBXGroup;
			children = (
				00C0BD7A1F362B4B0049198B /* Smack.app */,
			);
			name = Products;
			sourceTree = "<group>";
		};
		00C0BD7C1F362B4B0049198B /* Smack */ = {
			isa = PBXGroup;
			children = (
				005B521C1F389F8900163F74 /* XIBs */,
				00C659131F37583C0020BD00 /* Services */,
				005496541F36809A006A7844 /* Utilities */,
				00C0BD951F3638110049198B /* Model */,
				00C0BD941F36380F0049198B /* View */,
				00C0BD931F3637FD0049198B /* Controller */,
				00C0BD8F1F3631B90049198B /* Supporting Files */,
				00C0BD7D1F362B4B0049198B /* AppDelegate.swift */,
				00C0BD811F362B4B0049198B /* Main.storyboard */,
				00C0BD841F362B4B0049198B /* Assets.xcassets */,
				00C0BD861F362B4B0049198B /* LaunchScreen.storyboard */,
				00C0BD891F362B4B0049198B /* Info.plist */,
			);
			path = Smack;
			sourceTree = "<group>";
		};
		00C0BD8F1F3631B90049198B /* Supporting Files */ = {
			isa = PBXGroup;
			children = (
				00C0BD911F3631D20049198B /* SWRevealViewController.h */,
				00C0BD921F3631D20049198B /* SWRevealViewController.m */,
				00C0BD901F3631D10049198B /* Smack-Bridging-Header.h */,
			);
			path = "Supporting Files";
			sourceTree = "<group>";
		};
		00C0BD931F3637FD0049198B /* Controller */ = {
			isa = PBXGroup;
			children = (
				00C0BD961F3638380049198B /* ChatVC.swift */,
				00C0BD981F3638490049198B /* ChannelVC.swift */,
				005496571F368418006A7844 /* LoginVC.swift */,
				00CDAFF61F3722DC004B52CD /* CreateAccountVC.swift */,
				007950501F3869C6000563D2 /* AvatarPickerVC.swift */,
				005B52181F389EB800163F74 /* ProfileVC.swift */,
				0098456D1F38CC4400B1AE46 /* AddChannelVC.swift */,
			);
			path = Controller;
			sourceTree = "<group>";
		};
		00C0BD941F36380F0049198B /* View */ = {
			isa = PBXGroup;
			children = (
				00C0BD9B1F364CA80049198B /* GradientView.swift */,
				00C659161F3769BF0020BD00 /* RoundedButton.swift */,
				00DB3B951F386BF60082BCB2 /* AvatarCell.swift */,
				00DB3B971F387D780082BCB2 /* CircleImage.swift */,
				002C01C01F38BFBD00C8CD32 /* ChannelCell.swift */,
				00B4A94B1F39CF6500283547 /* KeyboardBoundView.swift */,
			);
			path = View;
			sourceTree = "<group>";
		};
		00C0BD951F3638110049198B /* Model */ = {
			isa = PBXGroup;
			children = (
				005B521F1F38B63400163F74 /* Channel.swift */,
				00B4A9491F39C54B00283547 /* Message.swift */,
			);
			path = Model;
			sourceTree = "<group>";
		};
		00C659131F37583C0020BD00 /* Services */ = {
			isa = PBXGroup;
			children = (
				00C659141F37584A0020BD00 /* AuthService.swift */,
				0012CF531F37873C00207292 /* UserDataService.swift */,
				005B521D1F38B5E900163F74 /* MessageService.swift */,
				009845711F38D84B00B1AE46 /* SocketService.swift */,
			);
			path = Services;
			sourceTree = "<group>";
		};
		01285311E2628E148344EC5A /* Frameworks */ = {
			isa = PBXGroup;
			children = (
				1C0834C1CEEAAF1054FDEEC2 /* Pods_Smack.framework */,
			);
			name = Frameworks;
			sourceTree = "<group>";
		};
		FECC9DDB3BB6FAA991684840 /* Pods */ = {
			isa = PBXGroup;
			children = (
				CB5C6F27D0C70EB12659E282 /* Pods-Smack.debug.xcconfig */,
				1C55F7C49241268E4B5D53E4 /* Pods-Smack.release.xcconfig */,
			);
			name = Pods;
			sourceTree = "<group>";
		};
/* End PBXGroup section */

/* Begin PBXNativeTarget section */
		00C0BD791F362B4B0049198B /* Smack */ = {
			isa = PBXNativeTarget;
			buildConfigurationList = 00C0BD8C1F362B4B0049198B /* Build configuration list for PBXNativeTarget "Smack" */;
			buildPhases = (
				F5D9F3D2E0105B01AD207864 /* [CP] Check Pods Manifest.lock */,
				00C0BD761F362B4B0049198B /* Sources */,
				00C0BD771F362B4B0049198B /* Frameworks */,
				00C0BD781F362B4B0049198B /* Resources */,
				A9C4A216DF948BC884CBE8A2 /* [CP] Embed Pods Frameworks */,
				8B0265C2EB00D01D00025D7B /* [CP] Copy Pods Resources */,
			);
			buildRules = (
			);
			dependencies = (
			);
			name = Smack;
			productName = Smack;
			productReference = 00C0BD7A1F362B4B0049198B /* Smack.app */;
			productType = "com.apple.product-type.application";
		};
/* End PBXNativeTarget section */

/* Begin PBXProject section */
		00C0BD721F362B4B0049198B /* Project object */ = {
			isa = PBXProject;
			attributes = {
				LastSwiftUpdateCheck = 0900;
				LastUpgradeCheck = 0900;
				ORGANIZATIONNAME = "Jeremy Clerico";
				TargetAttributes = {
					00C0BD791F362B4B0049198B = {
						CreatedOnToolsVersion = 9.0;
						LastSwiftMigration = 0900;
					};
				};
			};
			buildConfigurationList = 00C0BD751F362B4B0049198B /* Build configuration list for PBXProject "Smack" */;
			compatibilityVersion = "Xcode 8.0";
			developmentRegion = en;
			hasScannedForEncodings = 0;
			knownRegions = (
				en,
				Base,
			);
			mainGroup = 00C0BD711F362B4B0049198B;
			productRefGroup = 00C0BD7B1F362B4B0049198B /* Products */;
			projectDirPath = "";
			projectRoot = "";
			targets = (
				00C0BD791F362B4B0049198B /* Smack */,
			);
		};
/* End PBXProject section */

/* Begin PBXResourcesBuildPhase section */
		00C0BD781F362B4B0049198B /* Resources */ = {
			isa = PBXResourcesBuildPhase;
			buildActionMask = 2147483647;
			files = (
				009845701F38CC4400B1AE46 /* AddChannelVC.xib in Resources */,
				005B521B1F389EB800163F74 /* ProfileVC.xib in Resources */,
				00C0BD881F362B4B0049198B /* LaunchScreen.storyboard in Resources */,
				00C0BD851F362B4B0049198B /* Assets.xcassets in Resources */,
				00C0BD831F362B4B0049198B /* Main.storyboard in Resources */,
			);
			runOnlyForDeploymentPostprocessing = 0;
		};
/* End PBXResourcesBuildPhase section */

/* Begin PBXShellScriptBuildPhase section */
		8B0265C2EB00D01D00025D7B /* [CP] Copy Pods Resources */ = {
			isa = PBXShellScriptBuildPhase;
			buildActionMask = 2147483647;
			files = (
			);
			inputPaths = (
			);
			name = "[CP] Copy Pods Resources";
			outputPaths = (
			);
			runOnlyForDeploymentPostprocessing = 0;
			shellPath = /bin/sh;
			shellScript = "\"${SRCROOT}/Pods/Target Support Files/Pods-Smack/Pods-Smack-resources.sh\"\n";
			showEnvVarsInLog = 0;
		};
		A9C4A216DF948BC884CBE8A2 /* [CP] Embed Pods Frameworks */ = {
			isa = PBXShellScriptBuildPhase;
			buildActionMask = 2147483647;
			files = (
			);
			inputPaths = (
			);
			name = "[CP] Embed Pods Frameworks";
			outputPaths = (
			);
			runOnlyForDeploymentPostprocessing = 0;
			shellPath = /bin/sh;
			shellScript = "\"${SRCROOT}/Pods/Target Support Files/Pods-Smack/Pods-Smack-frameworks.sh\"\n";
			showEnvVarsInLog = 0;
		};
		F5D9F3D2E0105B01AD207864 /* [CP] Check Pods Manifest.lock */ = {
			isa = PBXShellScriptBuildPhase;
			buildActionMask = 2147483647;
			files = (
			);
			inputPaths = (
			);
			name = "[CP] Check Pods Manifest.lock";
			outputPaths = (
			);
			runOnlyForDeploymentPostprocessing = 0;
			shellPath = /bin/sh;
			shellScript = "diff \"${PODS_ROOT}/../Podfile.lock\" \"${PODS_ROOT}/Manifest.lock\" > /dev/null\nif [ $? != 0 ] ; then\n    # print error to STDERR\n    echo \"error: The sandbox is not in sync with the Podfile.lock. Run 'pod install' or update your CocoaPods installation.\" >&2\n    exit 1\nfi\n";
			showEnvVarsInLog = 0;
		};
/* End PBXShellScriptBuildPhase section */

/* Begin PBXSourcesBuildPhase section */
		00C0BD761F362B4B0049198B /* Sources */ = {
			isa = PBXSourcesBuildPhase;
			buildActionMask = 2147483647;
			files = (
				00B4A94C1F39CF6500283547 /* KeyboardBoundView.swift in Sources */,
				009845721F38D84B00B1AE46 /* SocketService.swift in Sources */,
				005B521A1F389EB800163F74 /* ProfileVC.swift in Sources */,
				002C01C11F38BFBD00C8CD32 /* ChannelCell.swift in Sources */,
				00C0BD971F3638380049198B /* ChatVC.swift in Sources */,
				007950511F3869C6000563D2 /* AvatarPickerVC.swift in Sources */,
				00C659171F3769BF0020BD00 /* RoundedButton.swift in Sources */,
				00B4A94A1F39C54B00283547 /* Message.swift in Sources */,
				005B52201F38B63400163F74 /* Channel.swift in Sources */,
				00DB3B981F387D780082BCB2 /* CircleImage.swift in Sources */,
				005B521E1F38B5E900163F74 /* MessageService.swift in Sources */,
				00C0BD991F3638490049198B /* ChannelVC.swift in Sources */,
				0012CF541F37873C00207292 /* UserDataService.swift in Sources */,
				00CDAFF71F3722DC004B52CD /* CreateAccountVC.swift in Sources */,
				00C659151F37584A0020BD00 /* AuthService.swift in Sources */,
				005496581F368418006A7844 /* LoginVC.swift in Sources */,
				0098456F1F38CC4400B1AE46 /* AddChannelVC.swift in Sources */,
				00C0BD9C1F364CA80049198B /* GradientView.swift in Sources */,
				00DB3B961F386BF60082BCB2 /* AvatarCell.swift in Sources */,
				00C0BD7E1F362B4B0049198B /* AppDelegate.swift in Sources */,
				00C0BD9A1F363B300049198B /* SWRevealViewController.m in Sources */,
				005496561F3680AA006A7844 /* Constants.swift in Sources */,
			);
			runOnlyForDeploymentPostprocessing = 0;
		};
/* End PBXSourcesBuildPhase section */

/* Begin PBXVariantGroup section */
		00C0BD811F362B4B0049198B /* Main.storyboard */ = {
			isa = PBXVariantGroup;
			children = (
				00C0BD821F362B4B0049198B /* Base */,
			);
			name = Main.storyboard;
			sourceTree = "<group>";
		};
		00C0BD861F362B4B0049198B /* LaunchScreen.storyboard */ = {
			isa = PBXVariantGroup;
			children = (
				00C0BD871F362B4B0049198B /* Base */,
			);
			name = LaunchScreen.storyboard;
			sourceTree = "<group>";
		};
/* End PBXVariantGroup section */

/* Begin XCBuildConfiguration section */
		00C0BD8A1F362B4B0049198B /* Debug */ = {
			isa = XCBuildConfiguration;
			buildSettings = {
				ALWAYS_SEARCH_USER_PATHS = NO;
				CLANG_ANALYZER_NONNULL = YES;
				CLANG_ANALYZER_NUMBER_OBJECT_CONVERSION = YES_AGGRESSIVE;
				CLANG_CXX_LANGUAGE_STANDARD = "gnu++14";
				CLANG_CXX_LIBRARY = "libc++";
				CLANG_ENABLE_MODULES = YES;
				CLANG_ENABLE_OBJC_ARC = YES;
				CLANG_WARN_BLOCK_CAPTURE_AUTORELEASING = YES;
				CLANG_WARN_BOOL_CONVERSION = YES;
				CLANG_WARN_COMMA = YES;
				CLANG_WARN_CONSTANT_CONVERSION = YES;
				CLANG_WARN_DIRECT_OBJC_ISA_USAGE = YES_ERROR;
				CLANG_WARN_DOCUMENTATION_COMMENTS = YES;
				CLANG_WARN_EMPTY_BODY = YES;
				CLANG_WARN_ENUM_CONVERSION = YES;
				CLANG_WARN_INFINITE_RECURSION = YES;
				CLANG_WARN_INT_CONVERSION = YES;
				CLANG_WARN_NON_LITERAL_NULL_CONVERSION = YES;
				CLANG_WARN_OBJC_LITERAL_CONVERSION = YES;
				CLANG_WARN_OBJC_ROOT_CLASS = YES_ERROR;
				CLANG_WARN_RANGE_LOOP_ANALYSIS = YES;
				CLANG_WARN_STRICT_PROTOTYPES = YES;
				CLANG_WARN_SUSPICIOUS_MOVE = YES;
				CLANG_WARN_UNGUARDED_AVAILABILITY = YES_AGGRESSIVE;
				CLANG_WARN_UNREACHABLE_CODE = YES;
				CLANG_WARN__DUPLICATE_METHOD_MATCH = YES;
				CODE_SIGN_IDENTITY = "iPhone Developer";
				COPY_PHASE_STRIP = NO;
				DEBUG_INFORMATION_FORMAT = dwarf;
				ENABLE_STRICT_OBJC_MSGSEND = YES;
				ENABLE_TESTABILITY = YES;
				GCC_C_LANGUAGE_STANDARD = gnu11;
				GCC_DYNAMIC_NO_PIC = NO;
				GCC_NO_COMMON_BLOCKS = YES;
				GCC_OPTIMIZATION_LEVEL = 0;
				GCC_PREPROCESSOR_DEFINITIONS = (
					"DEBUG=1",
					"$(inherited)",
				);
				GCC_WARN_64_TO_32_BIT_CONVERSION = YES;
				GCC_WARN_ABOUT_RETURN_TYPE = YES_ERROR;
				GCC_WARN_UNDECLARED_SELECTOR = YES;
				GCC_WARN_UNINITIALIZED_AUTOS = YES_AGGRESSIVE;
				GCC_WARN_UNUSED_FUNCTION = YES;
				GCC_WARN_UNUSED_VARIABLE = YES;
				IPHONEOS_DEPLOYMENT_TARGET = 11.0;
				MTL_ENABLE_DEBUG_INFO = YES;
				ONLY_ACTIVE_ARCH = YES;
				SDKROOT = iphoneos;
				SWIFT_ACTIVE_COMPILATION_CONDITIONS = DEBUG;
				SWIFT_OPTIMIZATION_LEVEL = "-Onone";
			};
			name = Debug;
		};
		00C0BD8B1F362B4B0049198B /* Release */ = {
			isa = XCBuildConfiguration;
			buildSettings = {
				ALWAYS_SEARCH_USER_PATHS = NO;
				CLANG_ANALYZER_NONNULL = YES;
				CLANG_ANALYZER_NUMBER_OBJECT_CONVERSION = YES_AGGRESSIVE;
				CLANG_CXX_LANGUAGE_STANDARD = "gnu++14";
				CLANG_CXX_LIBRARY = "libc++";
				CLANG_ENABLE_MODULES = YES;
				CLANG_ENABLE_OBJC_ARC = YES;
				CLANG_WARN_BLOCK_CAPTURE_AUTORELEASING = YES;
				CLANG_WARN_BOOL_CONVERSION = YES;
				CLANG_WARN_COMMA = YES;
				CLANG_WARN_CONSTANT_CONVERSION = YES;
				CLANG_WARN_DIRECT_OBJC_ISA_USAGE = YES_ERROR;
				CLANG_WARN_DOCUMENTATION_COMMENTS = YES;
				CLANG_WARN_EMPTY_BODY = YES;
				CLANG_WARN_ENUM_CONVERSION = YES;
				CLANG_WARN_INFINITE_RECURSION = YES;
				CLANG_WARN_INT_CONVERSION = YES;
				CLANG_WARN_NON_LITERAL_NULL_CONVERSION = YES;
				CLANG_WARN_OBJC_LITERAL_CONVERSION = YES;
				CLANG_WARN_OBJC_ROOT_CLASS = YES_ERROR;
				CLANG_WARN_RANGE_LOOP_ANALYSIS = YES;
				CLANG_WARN_STRICT_PROTOTYPES = YES;
				CLANG_WARN_SUSPICIOUS_MOVE = YES;
				CLANG_WARN_UNGUARDED_AVAILABILITY = YES_AGGRESSIVE;
				CLANG_WARN_UNREACHABLE_CODE = YES;
				CLANG_WARN__DUPLICATE_METHOD_MATCH = YES;
				CODE_SIGN_IDENTITY = "iPhone Developer";
				COPY_PHASE_STRIP = NO;
				DEBUG_INFORMATION_FORMAT = "dwarf-with-dsym";
				ENABLE_NS_ASSERTIONS = NO;
				ENABLE_STRICT_OBJC_MSGSEND = YES;
				GCC_C_LANGUAGE_STANDARD = gnu11;
				GCC_NO_COMMON_BLOCKS = YES;
				GCC_WARN_64_TO_32_BIT_CONVERSION = YES;
				GCC_WARN_ABOUT_RETURN_TYPE = YES_ERROR;
				GCC_WARN_UNDECLARED_SELECTOR = YES;
				GCC_WARN_UNINITIALIZED_AUTOS = YES_AGGRESSIVE;
				GCC_WARN_UNUSED_FUNCTION = YES;
				GCC_WARN_UNUSED_VARIABLE = YES;
				IPHONEOS_DEPLOYMENT_TARGET = 11.0;
				MTL_ENABLE_DEBUG_INFO = NO;
				SDKROOT = iphoneos;
				SWIFT_OPTIMIZATION_LEVEL = "-Owholemodule";
				VALIDATE_PRODUCT = YES;
			};
			name = Release;
		};
		00C0BD8D1F362B4B0049198B /* Debug */ = {
			isa = XCBuildConfiguration;
			baseConfigurationReference = CB5C6F27D0C70EB12659E282 /* Pods-Smack.debug.xcconfig */;
			buildSettings = {
				ASSETCATALOG_COMPILER_APPICON_NAME = AppIcon;
				CLANG_ENABLE_MODULES = YES;
				DEVELOPMENT_TEAM = VUPUN7YH6F;
				INFOPLIST_FILE = Smack/Info.plist;
				LD_RUNPATH_SEARCH_PATHS = "$(inherited) @executable_path/Frameworks";
				PRODUCT_BUNDLE_IDENTIFIER = com.JClerico.Smack;
				PRODUCT_NAME = "$(TARGET_NAME)";
				SWIFT_OBJC_BRIDGING_HEADER = "Smack/Supporting Files/Smack-Bridging-Header.h";
				SWIFT_OPTIMIZATION_LEVEL = "-Onone";
				SWIFT_VERSION = 4.0;
				TARGETED_DEVICE_FAMILY = "1,2";
			};
			name = Debug;
		};
		00C0BD8E1F362B4B0049198B /* Release */ = {
			isa = XCBuildConfiguration;
			baseConfigurationReference = 1C55F7C49241268E4B5D53E4 /* Pods-Smack.release.xcconfig */;
			buildSettings = {
				ASSETCATALOG_COMPILER_APPICON_NAME = AppIcon;
				CLANG_ENABLE_MODULES = YES;
				DEVELOPMENT_TEAM = VUPUN7YH6F;
				INFOPLIST_FILE = Smack/Info.plist;
				LD_RUNPATH_SEARCH_PATHS = "$(inherited) @executable_path/Frameworks";
				PRODUCT_BUNDLE_IDENTIFIER = com.JClerico.Smack;
				PRODUCT_NAME = "$(TARGET_NAME)";
				SWIFT_OBJC_BRIDGING_HEADER = "Smack/Supporting Files/Smack-Bridging-Header.h";
				SWIFT_VERSION = 4.0;
				TARGETED_DEVICE_FAMILY = "1,2";
			};
			name = Release;
		};
/* End XCBuildConfiguration section */

/* Begin XCConfigurationList section */
		00C0BD751F362B4B0049198B /* Build configuration list for PBXProject "Smack" */ = {
			isa = XCConfigurationList;
			buildConfigurations = (
				00C0BD8A1F362B4B0049198B /* Debug */,
				00C0BD8B1F362B4B0049198B /* Release */,
			);
			defaultConfigurationIsVisible = 0;
			defaultConfigurationName = Release;
		};
		00C0BD8C1F362B4B0049198B /* Build configuration list for PBXNativeTarget "Smack" */ = {
			isa = XCConfigurationList;
			buildConfigurations = (
				00C0BD8D1F362B4B0049198B /* Debug */,
				00C0BD8E1F362B4B0049198B /* Release */,
			);
			defaultConfigurationIsVisible = 0;
			defaultConfigurationName = Release;
		};
/* End XCConfigurationList section */
	};
	rootObject = 00C0BD721F362B4B0049198B /* Project object */;
}
